# This file is automatically @generated by Poetry and should not be changed by hand.

[[package]]
name = "maturin"
version = "0.14.12"
description = "Build and publish crates with pyo3, rust-cpython and cffi bindings as well as rust binaries as python packages"
category = "main"
optional = false
python-versions = ">=3.7"
files = [
    {file = "maturin-0.14.12-py3-none-linux_armv6l.whl", hash = "sha256:daf895c987170bee8bf38706d306743b7b0bba54f0870a00ba3dc4b6677396fe"},
    {file = "maturin-0.14.12-py3-none-macosx_10_7_x86_64.whl", hash = "sha256:a2ba25fce913271cb765d656e2cf4640a355190130c19cee85672af9a6f96839"},
    {file = "maturin-0.14.12-py3-none-macosx_10_9_x86_64.macosx_11_0_arm64.macosx_10_9_universal2.whl", hash = "sha256:e5c5192ec8ebb9f8e4e5f26d2f02171fcfab3f666b66292fe0680980c13706b3"},
    {file = "maturin-0.14.12-py3-none-manylinux_2_12_i686.manylinux2010_i686.musllinux_1_1_i686.whl", hash = "sha256:fd4ac0c5591f30732a3ddab13f9d2a6f32d0fe4424e3f0c3612356ad95acb5e5"},
    {file = "maturin-0.14.12-py3-none-manylinux_2_12_x86_64.manylinux2010_x86_64.musllinux_1_1_x86_64.whl", hash = "sha256:3f555fb042b94f74995e6733a6406fb5afd6604828608968aebd4aa191180a2d"},
    {file = "maturin-0.14.12-py3-none-manylinux_2_17_aarch64.manylinux2014_aarch64.musllinux_1_1_aarch64.whl", hash = "sha256:fcc75fa7bf98326ef9b3e648b9107be6afdbb0cac4dd861f0040ad6a3d410a69"},
    {file = "maturin-0.14.12-py3-none-manylinux_2_17_armv7l.manylinux2014_armv7l.musllinux_1_1_armv7l.whl", hash = "sha256:bfe98543b0f72c10dc46add16a09c5561d7028878a1b8440aa880de0a16f3ebc"},
    {file = "maturin-0.14.12-py3-none-manylinux_2_17_ppc64le.manylinux2014_ppc64le.musllinux_1_1_ppc64le.whl", hash = "sha256:5989a92903e86a37428b4ebf1df44b08023e8efb695fb549f9dab0ac9cc5bae3"},
    {file = "maturin-0.14.12-py3-none-manylinux_2_17_s390x.manylinux2014_s390x.whl", hash = "sha256:16a81196ada94bc4b6ee1df6a4fa2e2dd3a2b51c9dd41e3561f59f796fdad92f"},
    {file = "maturin-0.14.12-py3-none-win32.whl", hash = "sha256:5af3a8545b66793ed04db8bb4750e7272f1724369ad792912c0e7be829f9e08b"},
    {file = "maturin-0.14.12-py3-none-win_amd64.whl", hash = "sha256:795c284b1ece7e6be720516ca0b0cdaf0ec8a399db5742fc9f45dd4c2e732fba"},
    {file = "maturin-0.14.12-py3-none-win_arm64.whl", hash = "sha256:bc63aa5b4717f1eb37cea39d450e90bc4050061def8e159228ec5e7c036481ec"},
    {file = "maturin-0.14.12.tar.gz", hash = "sha256:b8f6a39d5393f83b5fbb90bc4d99b45b62e9749293518640aba910c840311c57"},
]

[package.dependencies]
tomli = {version = ">=1.1.0", markers = "python_version < \"3.11\""}

[package.extras]
patchelf = ["patchelf"]
zig = ["ziglang (>=0.10.0,<0.11.0)"]

[[package]]
name = "tomli"
version = "2.0.1"
description = "A lil' TOML parser"
category = "main"
optional = false
python-versions = ">=3.7"
files = [
    {file = "tomli-2.0.1-py3-none-any.whl", hash = "sha256:939de3e7a6161af0c887ef91b7d41a53e7c5a1ca976325f429cb46ea9bc30ecc"},
    {file = "tomli-2.0.1.tar.gz", hash = "sha256:de526c12914f0c550d15924c62d72abc48d6fe7364aa87328337a31007fe8a4f"},
]

[metadata]
lock-version = "2.0"
python-versions = "^3.7"
content-hash = "ec9e6490246cfead88c3da3a437b84532bc028a9661c126a8ab381dbe9313b0e"
